
Microsoft Visual Studio Solution File, Format Version 11.00
# Visual Studio 2010
Project("{FAE04EC0-301F-11D3-BF4B-00C04F79EFBC}") = "SqlExecutionPlan", "SqlExecutionPlan\SqlExecutionPlan.csproj", "{EDDFE76E-0C30-4D0C-BF9C-8959F5CAC36E}"
EndProject
Global
	GlobalSection(SolutionConfigurationPlatforms) = preSolution
		Debug|Any CPU = Debug|Any CPU
		Release|Any CPU = Release|Any CPU
	EndGlobalSection
	GlobalSection(ProjectConfigurationPlatforms) = postSolution
		{EDDFE76E-0C30-4D0C-BF9C-8959F5CAC36E}.Debug|Any CPU.ActiveCfg = Debug|Any CPU
		{EDDFE76E-0C30-4D0C-BF9C-8959F5CAC36E}.Debug|Any CPU.Build.0 = Debug|Any CPU
		{EDDFE76E-0C30-4D0C-BF9C-8959F5CAC36E}.Release|Any CPU.ActiveCfg = Release|Any CPU
		{EDDFE76E-0C30-4D0C-BF9C-8959F5CAC36E}.Release|Any CPU.Build.0 = Release|Any CPU
	EndGlobalSection
	GlobalSection(SolutionProperties) = preSolution
		HideSolutionNode = FALSE
	EndGlobalSection
EndGlobal
